
Microsoft Visual Studio Solution File, Format Version 12.00
# Visual Studio 15
VisualStudioVersion = 15.0.27703.2042
MinimumVisualStudioVersion = 10.0.40219.1
Project("{FAE04EC0-301F-11D3-BF4B-00C04F79EFBC}") = "Curso_Projecto18", "Curso_Projecto18\Curso_Projecto18.csproj", "{E593421E-DB47-4BC2-B88A-F7C1632E4FDA}"
EndProject
Global
	GlobalSection(SolutionConfigurationPlatforms) = preSolution
		Debug|Any CPU = Debug|Any CPU
		Release|Any CPU = Release|Any CPU
	EndGlobalSection
	GlobalSection(ProjectConfigurationPlatforms) = postSolution
		{E593421E-DB47-4BC2-B88A-F7C1632E4FDA}.Debug|Any CPU.ActiveCfg = Debug|Any CPU
		{E593421E-DB47-4BC2-B88A-F7C1632E4FDA}.Debug|Any CPU.Build.0 = Debug|Any CPU
		{E593421E-DB47-4BC2-B88A-F7C1632E4FDA}.Release|Any CPU.ActiveCfg = Release|Any CPU
		{E593421E-DB47-4BC2-B88A-F7C1632E4FDA}.Release|Any CPU.Build.0 = Release|Any CPU
	EndGlobalSection
	GlobalSection(SolutionProperties) = preSolution
		HideSolutionNode = FALSE
	EndGlobalSection
	GlobalSection(ExtensibilityGlobals) = postSolution
		SolutionGuid = {1CF5EB20-DFC5-4AD0-A821-351278DB796E}
	EndGlobalSection
EndGlobal
